
Microsoft Visual Studio Solution File, Format Version 12.00
# Visual Studio Version 17
VisualStudioVersion = 17.7.34018.315
MinimumVisualStudioVersion = 10.0.40219.1
Project("{FAE04EC0-301F-11D3-BF4B-00C04F79EFBC}") = "QLPhoThong", "QLPhoThong\QLPhoThong.csproj", "{0A0EE8FA-033C-43E4-9793-19ABA91AC7F7}"
EndProject
Global
	GlobalSection(SolutionConfigurationPlatforms) = preSolution
		Debug|Any CPU = Debug|Any CPU
		Release|Any CPU = Release|Any CPU
	EndGlobalSection
	GlobalSection(ProjectConfigurationPlatforms) = postSolution
		{0A0EE8FA-033C-43E4-9793-19ABA91AC7F7}.Debug|Any CPU.ActiveCfg = Debug|Any CPU
		{0A0EE8FA-033C-43E4-9793-19ABA91AC7F7}.Debug|Any CPU.Build.0 = Debug|Any CPU
		{0A0EE8FA-033C-43E4-9793-19ABA91AC7F7}.Release|Any CPU.ActiveCfg = Release|Any CPU
		{0A0EE8FA-033C-43E4-9793-19ABA91AC7F7}.Release|Any CPU.Build.0 = Release|Any CPU
	EndGlobalSection
	GlobalSection(SolutionProperties) = preSolution
		HideSolutionNode = FALSE
	EndGlobalSection
	GlobalSection(ExtensibilityGlobals) = postSolution
		SolutionGuid = {A650552B-0C7B-4326-BE53-45C273725B6B}
	EndGlobalSection
EndGlobal
